{
  "version": 4,
  "terraform_version": "1.13.3",
  "serial": 177,
  "lineage": "a917a657-9506-1886-ac23-6ddced405809",
  "outputs": {
    "private_ip": {
      "value": "172.31.42.57",
      "type": "string"
    },
    "public_ip": {
      "value": "52.89.36.15",
      "type": "string"
    }
  },
  "resources": [
    {
      "mode": "data",
      "type": "aws_ami",
      "name": "example",
      "provider": "provider[\"registry.terraform.io/hashicorp/aws\"]",
      "instances": [
        {
          "schema_version": 0,
          "attributes": {
            "allow_unsafe_filter": null,
            "architecture": "x86_64",
            "arn": "arn:aws:ec2:us-west-2::image/ami-08f083c12f82733f6",
            "block_device_mappings": [
              {
                "device_name": "/dev/sda1",
                "ebs": {
                  "delete_on_termination": "true",
                  "encrypted": "false",
                  "iops": "0",
                  "snapshot_id": "snap-084a413cefc5ffeb7",
                  "throughput": "0",
                  "volume_initialization_rate": "0",
                  "volume_size": "8",
                  "volume_type": "gp2"
                },
                "no_device": "",
                "virtual_name": ""
              },
              {
                "device_name": "/dev/sdb",
                "ebs": {},
                "no_device": "",
                "virtual_name": "ephemeral0"
              },
              {
                "device_name": "/dev/sdc",
                "ebs": {},
                "no_device": "",
                "virtual_name": "ephemeral1"
              }
            ],
            "boot_mode": "uefi-preferred",
            "creation_date": "2025-10-01T06:46:25.000Z",
            "deprecation_time": "2027-10-01T06:46:25.000Z",
            "description": "Canonical, Ubuntu, 22.04, amd64 jammy image",
            "ena_support": true,
            "executable_users": null,
            "filter": [
              {
                "name": "architecture",
                "values": [
                  "x86_64"
                ]
              },
              {
                "name": "name",
                "values": [
                  "ubuntu/images/hvm-ssd/ubuntu-jammy-22.04-amd64-server-*"
                ]
              },
              {
                "name": "root-device-type",
                "values": [
                  "ebs"
                ]
              },
              {
                "name": "virtualization-type",
                "values": [
                  "hvm"
                ]
              }
            ],
            "hypervisor": "xen",
            "id": "ami-08f083c12f82733f6",
            "image_id": "ami-08f083c12f82733f6",
            "image_location": "amazon/ubuntu/images/hvm-ssd/ubuntu-jammy-22.04-amd64-server-20251001",
            "image_owner_alias": "amazon",
            "image_type": "machine",
            "imds_support": "",
            "include_deprecated": false,
            "kernel_id": "",
            "last_launched_time": "",
            "most_recent": true,
            "name": "ubuntu/images/hvm-ssd/ubuntu-jammy-22.04-amd64-server-20251001",
            "name_regex": null,
            "owner_id": "099720109477",
            "owners": [
              "099720109477"
            ],
            "platform": "",
            "platform_details": "Linux/UNIX",
            "product_codes": [],
            "public": true,
            "ramdisk_id": "",
            "region": "us-west-2",
            "root_device_name": "/dev/sda1",
            "root_device_type": "ebs",
            "root_snapshot_id": "snap-084a413cefc5ffeb7",
            "sriov_net_support": "simple",
            "state": "available",
            "state_reason": {
              "code": "UNSET",
              "message": "UNSET"
            },
            "tags": {},
            "timeouts": null,
            "tpm_support": "",
            "uefi_data": null,
            "usage_operation": "RunInstances",
            "virtualization_type": "hvm"
          },
          "sensitive_attributes": [],
          "identity_schema_version": 0
        }
      ]
    },
    {
      "mode": "managed",
      "type": "aws_instance",
      "name": "calculator",
      "provider": "provider[\"registry.terraform.io/hashicorp/aws\"]",
      "instances": [
        {
          "schema_version": 2,
          "attributes": {
            "ami": "ami-08f083c12f82733f6",
            "arn": "arn:aws:ec2:us-west-2:105981222470:instance/i-0a02e27db28245f92",
            "associate_public_ip_address": true,
            "availability_zone": "us-west-2a",
            "capacity_reservation_specification": [
              {
                "capacity_reservation_preference": "open",
                "capacity_reservation_target": []
              }
            ],
            "cpu_options": [
              {
                "amd_sev_snp": "",
                "core_count": 1,
                "threads_per_core": 1
              }
            ],
            "credit_specification": [
              {
                "cpu_credits": "standard"
              }
            ],
            "disable_api_stop": false,
            "disable_api_termination": false,
            "ebs_block_device": [],
            "ebs_optimized": false,
            "enable_primary_ipv6": null,
            "enclave_options": [
              {
                "enabled": false
              }
            ],
            "ephemeral_block_device": [],
            "force_destroy": false,
            "get_password_data": false,
            "hibernation": false,
            "host_id": "",
            "host_resource_group_arn": null,
            "iam_instance_profile": "",
            "id": "i-0a02e27db28245f92",
            "instance_initiated_shutdown_behavior": "stop",
            "instance_lifecycle": "",
            "instance_market_options": [],
            "instance_state": "running",
            "instance_type": "t2.micro",
            "ipv6_address_count": 0,
            "ipv6_addresses": [],
            "key_name": "maxo",
            "launch_template": [],
            "maintenance_options": [
              {
                "auto_recovery": "default"
              }
            ],
            "metadata_options": [
              {
                "http_endpoint": "enabled",
                "http_protocol_ipv6": "disabled",
                "http_put_response_hop_limit": 1,
                "http_tokens": "optional",
                "instance_metadata_tags": "disabled"
              }
            ],
            "monitoring": false,
            "network_interface": [],
            "outpost_arn": "",
            "password_data": "",
            "placement_group": "",
            "placement_group_id": "",
            "placement_partition_number": 0,
            "primary_network_interface": [
              {
                "delete_on_termination": true,
                "network_interface_id": "eni-02c734268940520ce"
              }
            ],
            "primary_network_interface_id": "eni-02c734268940520ce",
            "private_dns": "ip-172-31-42-57.us-west-2.compute.internal",
            "private_dns_name_options": [
              {
                "enable_resource_name_dns_a_record": false,
                "enable_resource_name_dns_aaaa_record": false,
                "hostname_type": "ip-name"
              }
            ],
            "private_ip": "172.31.42.57",
            "public_dns": "ec2-52-89-36-15.us-west-2.compute.amazonaws.com",
            "public_ip": "52.89.36.15",
            "region": "us-west-2",
            "root_block_device": [
              {
                "delete_on_termination": true,
                "device_name": "/dev/sda1",
                "encrypted": false,
                "iops": 100,
                "kms_key_id": "",
                "tags": {},
                "tags_all": {},
                "throughput": 0,
                "volume_id": "vol-0e1de8e1394a22738",
                "volume_size": 8,
                "volume_type": "gp2"
              }
            ],
            "secondary_private_ips": [],
            "security_groups": [
              "allow_ssh_http"
            ],
            "source_dest_check": true,
            "spot_instance_request_id": "",
            "subnet_id": "subnet-04a4ca5129bb060fa",
            "tags": {
              "Name": "calculator"
            },
            "tags_all": {
              "Name": "calculator"
            },
            "tenancy": "default",
            "timeouts": null,
            "user_data": "#!/bin/bash\r\n\r\n# Exit on any error\r\nset -e\r\n\r\necho \"=== Starting Calculator Application Deployment ===\"\r\n\r\n# Update and install necessary packages\r\necho \"=== Updating system and installing packages ===\"\r\nsudo apt-get update\r\nsudo apt-get upgrade -y\r\nsudo apt install -y python3 python3-pip python3-venv nginx git\r\n\r\n# Set up application directory\r\necho \"=== Setting up application directory ===\"\r\ncd /var/www/html\r\n\r\n# Check if directory already exists\r\nif [ -d \"/var/www/html/calculator\" ]; then\r\n    echo \"Calculator directory already exists, updating...\"\r\n    cd calculator\r\n    sudo git pull\r\n    cd src\r\nelse\r\n    echo \"Cloning calculator repository...\"\r\n    sudo git clone https://github.com/maxoba/calculator.git\r\n    cd calculator/src\r\nfi\r\n\r\n# Set permissions for the application directory\r\nsudo chown -R ubuntu:ubuntu /var/www/html/calculator/\r\n\r\n# Set up Python virtual environment\r\necho \"=== Setting up Python virtual environment ===\"\r\npython3 -m venv jop\r\nsource jop/bin/activate\r\n\r\n# Install Python dependencies\r\necho \"=== Installing Python dependencies ===\"\r\npip install --upgrade pip\r\npip install --upgrade gunicorn\r\n\r\n# Install requirements if file exists\r\nif [ -f requirements.txt ]; then\r\n    pip install -r requirements.txt\r\nelse\r\n    echo \"No requirements.txt found, installing Flask manually\"\r\nfi\r\n\r\n# Install Flask (ensure it's available)\r\npip install flask\r\n\r\n# Create Flask app (backup - only if not already present)\r\nif [ ! -f app.py ]; then\r\n    echo \"=== Creating Flask application file ===\"\r\n    cat \u003e app.py \u003c\u003c 'EOL'\r\n# -*- coding: utf-8 -*-\r\n\"\"\"\r\n    Calculator\r\n    ~~~~~~~~~~~~~~\r\n\r\n    A simple Calculator made by Flask and jQuery.\r\n\r\n    :copyright: (c) 2015 by Grey li.\r\n    :license: MIT, see LICENSE for more details.\r\n\"\"\"\r\nimport re\r\nfrom flask import Flask, jsonify, render_template, request\r\n\r\n\r\napp = Flask(__name__)\r\n\r\n\r\n@app.route('/_calculate')\r\ndef calculate():\r\n    a = request.args.get('number1', '0')\r\n    operator = request.args.get('operator', '+')\r\n    b = request.args.get('number2', '0')\r\n    # validate the input data\r\n    m = re.match(r'^\\-?\\d*[.]?\\d*$', a)\r\n    n = re.match(r'^\\-?\\d*[.]?\\d*$', b)\r\n\r\n    if m is None or n is None or operator not in '+-*/':\r\n        return jsonify(result='Error!')\r\n\r\n    if operator == '/':\r\n        if float(b) == 0:\r\n            return jsonify(result='Error!')\r\n        result = float(a) / float(b)\r\n    elif operator == '*':\r\n        result = float(a) * float(b)\r\n    elif operator == '+':\r\n        result = float(a) + float(b)\r\n    elif operator == '-':\r\n        result = float(a) - float(b)\r\n    \r\n    return jsonify(result=result)\r\n\r\n\r\n@app.route('/')\r\ndef index():\r\n    return render_template('index.html')\r\n\r\n\r\nif __name__ == '__main__':\r\n    app.run(debug=True, host=\"0.0.0.0\")\r\nEOL\r\nelse\r\n    echo \"app.py already exists, skipping creation\"\r\nfi\r\n\r\n# Create wsgi.py (ensure it exists with correct syntax)\r\necho \"=== Creating WSGI configuration ===\"\r\ncat \u003e wsgi.py \u003c\u003c 'EOL'\r\nfrom app import app\r\n\r\nif __name__ == \"__main__\":\r\n    app.run()\r\nEOL\r\n\r\n# Create a Gunicorn systemd service file\r\necho \"=== Creating systemd service ===\"\r\nsudo tee /etc/systemd/system/calculator.service \u003e /dev/null \u003c\u003c 'EOL'\r\n[Unit]\r\nDescription=Gunicorn instance to serve calculator\r\nAfter=network.target\r\n\r\n[Service]\r\nUser=ubuntu\r\nGroup=www-data\r\nWorkingDirectory=/var/www/html/calculator/src\r\nEnvironment=\"PATH=/var/www/html/calculator/src/jop/bin\"\r\nExecStart=/var/www/html/calculator/src/jop/bin/gunicorn --bind 0.0.0.0:5000 wsgi:app\r\nRestart=always\r\n\r\n[Install]\r\nWantedBy=multi-user.target\r\nEOL\r\n\r\n# Start and enable the Gunicorn service\r\necho \"=== Starting calculator service ===\"\r\nsudo systemctl daemon-reload\r\nsudo systemctl start calculator\r\nsudo systemctl enable calculator\r\n\r\n# Create nginx configuration\r\necho \"=== Configuring Nginx ===\"\r\nsudo tee /etc/nginx/sites-available/calculator \u003e /dev/null \u003c\u003c 'EOL'\r\nserver {\r\n    listen 80;\r\n    server_name _;\r\n\r\n    location / {\r\n        include proxy_params;\r\n        proxy_pass http://127.0.0.1:5000;\r\n    }\r\n}\r\nEOL\r\n\r\n# Enable the Nginx configuration\r\nsudo ln -sf /etc/nginx/sites-available/calculator /etc/nginx/sites-enabled/\r\nsudo rm -f /etc/nginx/sites-enabled/default\r\n\r\n# Test nginx configuration\r\necho \"=== Testing Nginx configuration ===\"\r\nsudo nginx -t\r\n\r\n# Reload nginx\r\nsudo systemctl reload nginx\r\n\r\n# Print status of services\r\necho \"\"\r\necho \"=== DEPLOYMENT STATUS ===\"\r\necho \"=========================\"\r\necho \"\"\r\n\r\necho \"=== Calculator Service Status ===\"\r\nsudo systemctl status calculator --no-pager -l\r\n\r\necho \"\"\r\necho \"=== Nginx Service Status ===\"\r\nsudo systemctl status nginx --no-pager -l\r\n\r\n# Check if services are listening on correct ports\r\necho \"\"\r\necho \"=== Port Status ===\"\r\necho \"Checking port 5000 (Gunicorn):\"\r\nsudo ss -tlnp | grep :5000 || echo \"Port 5000 not listening\"\r\n\r\necho \"Checking port 80 (Nginx):\"\r\nsudo ss -tlnp | grep :80 || echo \"Port 80 not listening\"\r\n\r\n# Show recent logs\r\necho \"\"\r\necho \"=== Recent Calculator Service Logs ===\"\r\nsudo journalctl -u calculator --no-pager -n 10\r\n\r\n# Test the application\r\necho \"\"\r\necho \"=== Testing Application ===\"\r\necho \"Testing Flask app directly on port 5000...\"\r\ncurl -s localhost:5000 \u003e /dev/null \u0026\u0026 echo \"✅ Flask app responding\" || echo \"❌ Flask app not responding\"\r\n\r\necho \"Testing through Nginx on port 80...\"\r\ncurl -s localhost \u003e /dev/null \u0026\u0026 echo \"✅ Nginx proxy working\" || echo \"❌ Nginx proxy not working\"\r\n\r\n# Get public IP and show final message\r\nPUBLIC_IP=$(curl -s ifconfig.me 2\u003e/dev/null || echo \"Unable to determine public IP\")\r\n\r\necho \"\"\r\necho \"=== DEPLOYMENT COMPLETE ===\"\r\necho \"==========================\"\r\necho \"\"\r\necho \"🎉 Calculator application deployed successfully!\"\r\necho \"\"\r\necho \"Access your calculator at:\"\r\necho \"  http://$PUBLIC_IP\"\r\necho \"\"\r\necho \"Local testing URLs:\"\r\necho \"  Direct Flask: http://localhost:5000\"\r\necho \"  Through Nginx: http://localhost\"\r\necho \"\"\r\necho \"Service management commands:\"\r\necho \"  sudo systemctl status calculator\"\r\necho \"  sudo systemctl restart calculator\"\r\necho \"  sudo systemctl status nginx\"\r\necho \"  sudo systemctl restart nginx\"\r\necho \"\"\r\necho \"Log monitoring:\"\r\necho \"  sudo journalctl -u calculator -f\"\r\necho \"  sudo tail -f /var/log/nginx/error.log\"",
            "user_data_base64": null,
            "user_data_replace_on_change": false,
            "volume_tags": null,
            "vpc_security_group_ids": [
              "sg-0796ccee1a021c6a7"
            ]
          },
          "sensitive_attributes": [],
          "identity_schema_version": 0,
          "identity": {
            "account_id": "105981222470",
            "id": "i-0a02e27db28245f92",
            "region": "us-west-2"
          },
          "private": "eyJlMmJmYjczMC1lY2FhLTExZTYtOGY4OC0zNDM2M2JjN2M0YzAiOnsiY3JlYXRlIjo2MDAwMDAwMDAwMDAsImRlbGV0ZSI6MTIwMDAwMDAwMDAwMCwicmVhZCI6OTAwMDAwMDAwMDAwLCJ1cGRhdGUiOjYwMDAwMDAwMDAwMH0sInNjaGVtYV92ZXJzaW9uIjoiMiJ9",
          "dependencies": [
            "aws_security_group.allow_ssh_http",
            "data.aws_ami.example"
          ]
        }
      ]
    },
    {
      "mode": "managed",
      "type": "aws_security_group",
      "name": "allow_ssh_http",
      "provider": "provider[\"registry.terraform.io/hashicorp/aws\"]",
      "instances": [
        {
          "schema_version": 1,
          "attributes": {
            "arn": "arn:aws:ec2:us-west-2:105981222470:security-group/sg-0796ccee1a021c6a7",
            "description": "Allow SSH and HTTP traffic",
            "egress": [
              {
                "cidr_blocks": [
                  "0.0.0.0/0"
                ],
                "description": "",
                "from_port": 0,
                "ipv6_cidr_blocks": [],
                "prefix_list_ids": [],
                "protocol": "-1",
                "security_groups": [],
                "self": false,
                "to_port": 0
              }
            ],
            "id": "sg-0796ccee1a021c6a7",
            "ingress": [
              {
                "cidr_blocks": [
                  "0.0.0.0/0"
                ],
                "description": "",
                "from_port": 22,
                "ipv6_cidr_blocks": [],
                "prefix_list_ids": [],
                "protocol": "tcp",
                "security_groups": [],
                "self": false,
                "to_port": 22
              },
              {
                "cidr_blocks": [
                  "0.0.0.0/0"
                ],
                "description": "",
                "from_port": 80,
                "ipv6_cidr_blocks": [],
                "prefix_list_ids": [],
                "protocol": "tcp",
                "security_groups": [],
                "self": false,
                "to_port": 80
              }
            ],
            "name": "allow_ssh_http",
            "name_prefix": "",
            "owner_id": "105981222470",
            "region": "us-west-2",
            "revoke_rules_on_delete": false,
            "tags": null,
            "tags_all": {},
            "timeouts": null,
            "vpc_id": "vpc-0293333d27a5d4165"
          },
          "sensitive_attributes": [],
          "identity_schema_version": 0,
          "identity": {
            "account_id": "105981222470",
            "id": "sg-0796ccee1a021c6a7",
            "region": "us-west-2"
          },
          "private": "eyJlMmJmYjczMC1lY2FhLTExZTYtOGY4OC0zNDM2M2JjN2M0YzAiOnsiY3JlYXRlIjo2MDAwMDAwMDAwMDAsImRlbGV0ZSI6OTAwMDAwMDAwMDAwfSwic2NoZW1hX3ZlcnNpb24iOiIxIn0="
        }
      ]
    },
    {
      "mode": "managed",
      "type": "time_sleep",
      "name": "wait_for_instance",
      "provider": "provider[\"registry.terraform.io/hashicorp/time\"]",
      "instances": [
        {
          "schema_version": 0,
          "attributes": {
            "create_duration": "240s",
            "destroy_duration": null,
            "id": "2025-10-05T05:54:52Z",
            "triggers": null
          },
          "sensitive_attributes": [],
          "identity_schema_version": 0,
          "dependencies": [
            "aws_instance.calculator",
            "aws_security_group.allow_ssh_http",
            "data.aws_ami.example"
          ]
        }
      ]
    }
  ],
  "check_results": null
}
